
Microsoft Visual Studio Solution File, Format Version 12.00
# Visual Studio Version 16
VisualStudioVersion = 16.0.34114.132
MinimumVisualStudioVersion = 10.0.40219.1
Project("{2150E333-8FDC-42A3-9474-1A3956D46DE8}") = "Task0", "Task0", "{E14A8FB2-DB0C-40D4-8CCE-C56573B7BA28}"
EndProject
Project("{FAE04EC0-301F-11D3-BF4B-00C04F79EFBC}") = "Tyuiu.DreminIa.Sprint2.Task0.V18", "..\..\Tyuiu.DreminIa.Sprint22\Tyuiu.DreminIa.Sprint2.Task0.V18\Tyuiu.DreminIa.Sprint2.Task0.V18.csproj", "{32ABFF31-3C20-44F3-B300-397008217D41}"
EndProject
Project("{FAE04EC0-301F-11D3-BF4B-00C04F79EFBC}") = "Tyuiu.DreminIa.Sprint2.Task0.V18.Lib", "..\..\Tyuiu.DreminIa.Sprint22\Tyuiu.DreminIa.Sprint2.Task0.V18.Lib\Tyuiu.DreminIa.Sprint2.Task0.V18.Lib.csproj", "{9BCCE6A1-0429-4CBB-BC43-5BF0D0A139E1}"
EndProject
Project("{FAE04EC0-301F-11D3-BF4B-00C04F79EFBC}") = "Tyuiu.DreminIa.Sprint2.Task0.V18.Test", "..\..\Tyuiu.DreminIa.Sprint22\Tyuiu.DreminIa.Sprint2.Task0.V18.Test\Tyuiu.DreminIa.Sprint2.Task0.V18.Test.csproj", "{E5637B00-9DD4-4CC0-9F62-29998B521C02}"
EndProject
Project("{2150E333-8FDC-42A3-9474-1A3956D46DE8}") = "Task1", "Task1", "{F8395D83-6D4B-4E1E-B54C-EB2322E19C38}"
EndProject
Project("{FAE04EC0-301F-11D3-BF4B-00C04F79EFBC}") = "Tyuiu.DreminIa.Sprint2.Task1.V4", "..\..\Tyuiu.DreminIa.Sprint22\Tyuiu.DreminIa.Sprint2.Task1.V4\Tyuiu.DreminIa.Sprint2.Task1.V4.csproj", "{AF03A842-78D1-4A74-A8A3-325C35459A7F}"
EndProject
Project("{FAE04EC0-301F-11D3-BF4B-00C04F79EFBC}") = "Tyuiu.DreminIa.Sprint2.Task1.V4.Lib", "..\..\Tyuiu.DreminIa.Sprint22\Tyuiu.DreminIa.Sprint2.Task1.V4.Lib\Tyuiu.DreminIa.Sprint2.Task1.V4.Lib.csproj", "{2BF2CBE3-4587-4683-B677-04A17B852A3A}"
EndProject
Project("{FAE04EC0-301F-11D3-BF4B-00C04F79EFBC}") = "Tyuiu.DreminIa.Sprint2.Task1.V4.Test", "..\..\Tyuiu.DreminIa.Sprint22\Tyuiu.DreminIa.Sprint2.Task1.V4.Test\Tyuiu.DreminIa.Sprint2.Task1.V4.Test.csproj", "{33E7B0CD-99A7-42C9-8B73-4467C85D1886}"
EndProject
Project("{2150E333-8FDC-42A3-9474-1A3956D46DE8}") = "Task2", "Task2", "{10AEC63D-518D-4716-8BF1-ABD9C36D264A}"
EndProject
Project("{FAE04EC0-301F-11D3-BF4B-00C04F79EFBC}") = "Tyuiu.DreminIa.Sprint2.Task2.V16.Lib", "..\..\Tyuiu.DreminIa.Sprint22\Tyuiu.DreminIa.Sprint2.Task2.V16.Lib\Tyuiu.DreminIa.Sprint2.Task2.V16.Lib.csproj", "{FFE0A276-999C-4031-8251-A926DC4F26F0}"
EndProject
Project("{FAE04EC0-301F-11D3-BF4B-00C04F79EFBC}") = "Tyuiu.DreminIa.Sprint2.Task2.V16.Test", "..\..\Tyuiu.DreminIa.Sprint22\Tyuiu.DreminIa.Sprint2.Task2.V16.Test\Tyuiu.DreminIa.Sprint2.Task2.V16.Test.csproj", "{40FDAE01-B03A-4729-94D4-8D3EA9EBDA55}"
EndProject
Project("{2150E333-8FDC-42A3-9474-1A3956D46DE8}") = "Task3", "Task3", "{8949E78C-2ECF-4A9F-98CC-8B081B65D1A3}"
EndProject
Project("{FAE04EC0-301F-11D3-BF4B-00C04F79EFBC}") = "Tyuiu.DreminIa.Sprint2.Task3.V17", "..\..\Tyuiu.DreminIa.Sprint22\Tyuiu.DreminIa.Sprint2.Task3.V17\Tyuiu.DreminIa.Sprint2.Task3.V17.csproj", "{9D54D577-FE42-4487-A41E-25837F4515CA}"
EndProject
Project("{FAE04EC0-301F-11D3-BF4B-00C04F79EFBC}") = "Tyuiu.DreminIa.Sprint2.Task3.V17.Lib", "..\..\Tyuiu.DreminIa.Sprint22\Tyuiu.DreminIa.Sprint2.Task3.V17.Lib\Tyuiu.DreminIa.Sprint2.Task3.V17.Lib.csproj", "{584A9B43-A72C-430E-B4BD-C6385521F481}"
EndProject
Project("{FAE04EC0-301F-11D3-BF4B-00C04F79EFBC}") = "Tyuiu.DreminIa.Sprint2.Task3.V17.Test", "..\..\Tyuiu.DreminIa.Sprint22\Tyuiu.DreminIa.Sprint2.Task3.V17.Test\Tyuiu.DreminIa.Sprint2.Task3.V17.Test.csproj", "{1DDA265D-78F9-434C-A5D5-D6D215165B5A}"
EndProject
Project("{2150E333-8FDC-42A3-9474-1A3956D46DE8}") = "Task4", "Task4", "{77A340D2-D4B7-4608-97AE-C3C013ECA3B8}"
EndProject
Project("{FAE04EC0-301F-11D3-BF4B-00C04F79EFBC}") = "Tyuiu.DreminIa.Sprint2.Task4.V19", "..\..\Tyuiu.DreminIa.Sprint22\Tyuiu.DreminIa.Sprint2.Task4.V19\Tyuiu.DreminIa.Sprint2.Task4.V19.csproj", "{168565D6-B869-4BE8-A8CA-8E13C76EB067}"
EndProject
Project("{FAE04EC0-301F-11D3-BF4B-00C04F79EFBC}") = "Tyuiu.DreminIa.Sprint2.Task4.V19.Lib", "..\..\Tyuiu.DreminIa.Sprint22\Tyuiu.DreminIa.Sprint2.Task4.V19.Lib\Tyuiu.DreminIa.Sprint2.Task4.V19.Lib.csproj", "{3DFEA1C5-B7A1-4511-962C-FA76E2B6C72A}"
EndProject
Project("{FAE04EC0-301F-11D3-BF4B-00C04F79EFBC}") = "Tyuiu.DreminIa.Sprint2.Task4.V19.Test", "..\..\Tyuiu.DreminIa.Sprint22\Tyuiu.DreminIa.Sprint2.Task4.V19.Test\Tyuiu.DreminIa.Sprint2.Task4.V19.Test.csproj", "{FA939C88-8D84-4866-B5C5-CD190316148B}"
EndProject
Project("{2150E333-8FDC-42A3-9474-1A3956D46DE8}") = "Task5", "Task5", "{E243AF82-3390-4EF8-9A03-A88DE58FE8B9}"
EndProject
Project("{FAE04EC0-301F-11D3-BF4B-00C04F79EFBC}") = "Tyuiu.DreminIa.Sprint2.Task5.V12", "..\..\Tyuiu.DreminIa.Sprint22\Tyuiu.DreminIa.Sprint2.Task5.V12\Tyuiu.DreminIa.Sprint2.Task5.V12.csproj", "{EF75FC2B-855C-485B-B014-2572B8D3E70C}"
EndProject
Project("{FAE04EC0-301F-11D3-BF4B-00C04F79EFBC}") = "Tyuiu.DreminIa.Sprint2.Task5.V12.Lib", "..\..\Tyuiu.DreminIa.Sprint22\Tyuiu.DreminIa.Sprint2.Task5.V12.Lib\Tyuiu.DreminIa.Sprint2.Task5.V12.Lib.csproj", "{4648663E-F1EC-4108-A602-D2536366418D}"
EndProject
Project("{FAE04EC0-301F-11D3-BF4B-00C04F79EFBC}") = "Tyuiu.DreminIa.Sprint2.Task5.V12.Test", "..\..\Tyuiu.DreminIa.Sprint22\Tyuiu.DreminIa.Sprint2.Task5.V12.Test\Tyuiu.DreminIa.Sprint2.Task5.V12.Test.csproj", "{C134B050-30E4-45D8-82BE-5A37DCC243BC}"
EndProject
Project("{2150E333-8FDC-42A3-9474-1A3956D46DE8}") = "Task6", "Task6", "{F87B32CC-110B-4B76-A4D1-A484874F872A}"
EndProject
Project("{FAE04EC0-301F-11D3-BF4B-00C04F79EFBC}") = "Tyuiu.DreminIa.Sprint2.Task6.V11", "..\..\Tyuiu.DreminIa.Sprint22\Tyuiu.DreminIa.Sprint2.Task6.V11\Tyuiu.DreminIa.Sprint2.Task6.V11.csproj", "{360F632D-636D-46B1-92FB-779DA865F356}"
EndProject
Project("{FAE04EC0-301F-11D3-BF4B-00C04F79EFBC}") = "Tyuiu.DreminIa.Sprint2.Task6.V11.Lib", "..\..\Tyuiu.DreminIa.Sprint22\Tyuiu.DreminIa.Sprint2.Task6.V11.Lib\Tyuiu.DreminIa.Sprint2.Task6.V11.Lib.csproj", "{7759ACBF-0CB0-4264-BCFE-734A43C8CE84}"
EndProject
Project("{FAE04EC0-301F-11D3-BF4B-00C04F79EFBC}") = "Tyuiu.DreminIa.Sprint2.Task6.V11.Test", "..\..\Tyuiu.DreminIa.Sprint22\Tyuiu.DreminIa.Sprint2.Task6.V11.Test\Tyuiu.DreminIa.Sprint2.Task6.V11.Test.csproj", "{EA65F494-820B-42F3-9750-A5B491F9DB85}"
EndProject
Project("{2150E333-8FDC-42A3-9474-1A3956D46DE8}") = "Task7", "Task7", "{954285E9-0E24-481F-AE96-80EE25A355C0}"
EndProject
Project("{FAE04EC0-301F-11D3-BF4B-00C04F79EFBC}") = "Tyuiu.DreminIa.Sprint2.Task7.V10", "..\..\Tyuiu.DreminIa.Sprint22\Tyuiu.DreminIa.Sprint2.Task7.V10\Tyuiu.DreminIa.Sprint2.Task7.V10.csproj", "{C1F6E7FC-6873-4D37-80DB-1071B56A3354}"
EndProject
Project("{FAE04EC0-301F-11D3-BF4B-00C04F79EFBC}") = "Tyuiu.DreminIa.Sprint2.Task7.V10.Lib", "..\..\Tyuiu.DreminIa.Sprint22\Tyuiu.DreminIa.Sprint2.Task7.V10.Lib\Tyuiu.DreminIa.Sprint2.Task7.V10.Lib.csproj", "{CECE287A-3A03-49B1-8FB3-8C44B30273C7}"
EndProject
Project("{FAE04EC0-301F-11D3-BF4B-00C04F79EFBC}") = "Tyuiu.DreminIa.Sprint2.Task7.V10.Test", "..\..\Tyuiu.DreminIa.Sprint22\Tyuiu.DreminIa.Sprint2.Task7.V10.Test\Tyuiu.DreminIa.Sprint2.Task7.V10.Test.csproj", "{40DC1F42-A99F-4F38-AADB-066D2567B2D9}"
EndProject
Project("{FAE04EC0-301F-11D3-BF4B-00C04F79EFBC}") = "Tyuiu.DreminIa.Sprint2.Task2.V16", "..\..\Tyuiu.DreminIa.Sprint22\Tyuiu.DreminIa.Sprint2.Task2.V16\Tyuiu.DreminIa.Sprint2.Task2.V16.csproj", "{856E9E0C-D4EE-4E0D-828B-3088CAC2F3BC}"
EndProject
Global
	GlobalSection(SolutionConfigurationPlatforms) = preSolution
		Debug|Any CPU = Debug|Any CPU
		Release|Any CPU = Release|Any CPU
	EndGlobalSection
	GlobalSection(ProjectConfigurationPlatforms) = postSolution
		{32ABFF31-3C20-44F3-B300-397008217D41}.Debug|Any CPU.ActiveCfg = Debug|Any CPU
		{32ABFF31-3C20-44F3-B300-397008217D41}.Debug|Any CPU.Build.0 = Debug|Any CPU
		{32ABFF31-3C20-44F3-B300-397008217D41}.Release|Any CPU.ActiveCfg = Release|Any CPU
		{32ABFF31-3C20-44F3-B300-397008217D41}.Release|Any CPU.Build.0 = Release|Any CPU
		{9BCCE6A1-0429-4CBB-BC43-5BF0D0A139E1}.Debug|Any CPU.ActiveCfg = Debug|Any CPU
		{9BCCE6A1-0429-4CBB-BC43-5BF0D0A139E1}.Debug|Any CPU.Build.0 = Debug|Any CPU
		{9BCCE6A1-0429-4CBB-BC43-5BF0D0A139E1}.Release|Any CPU.ActiveCfg = Release|Any CPU
		{9BCCE6A1-0429-4CBB-BC43-5BF0D0A139E1}.Release|Any CPU.Build.0 = Release|Any CPU
		{E5637B00-9DD4-4CC0-9F62-29998B521C02}.Debug|Any CPU.ActiveCfg = Debug|Any CPU
		{E5637B00-9DD4-4CC0-9F62-29998B521C02}.Debug|Any CPU.Build.0 = Debug|Any CPU
		{E5637B00-9DD4-4CC0-9F62-29998B521C02}.Release|Any CPU.ActiveCfg = Release|Any CPU
		{E5637B00-9DD4-4CC0-9F62-29998B521C02}.Release|Any CPU.Build.0 = Release|Any CPU
		{AF03A842-78D1-4A74-A8A3-325C35459A7F}.Debug|Any CPU.ActiveCfg = Debug|Any CPU
		{AF03A842-78D1-4A74-A8A3-325C35459A7F}.Debug|Any CPU.Build.0 = Debug|Any CPU
		{AF03A842-78D1-4A74-A8A3-325C35459A7F}.Release|Any CPU.ActiveCfg = Release|Any CPU
		{AF03A842-78D1-4A74-A8A3-325C35459A7F}.Release|Any CPU.Build.0 = Release|Any CPU
		{2BF2CBE3-4587-4683-B677-04A17B852A3A}.Debug|Any CPU.ActiveCfg = Debug|Any CPU
		{2BF2CBE3-4587-4683-B677-04A17B852A3A}.Debug|Any CPU.Build.0 = Debug|Any CPU
		{2BF2CBE3-4587-4683-B677-04A17B852A3A}.Release|Any CPU.ActiveCfg = Release|Any CPU
		{2BF2CBE3-4587-4683-B677-04A17B852A3A}.Release|Any CPU.Build.0 = Release|Any CPU
		{33E7B0CD-99A7-42C9-8B73-4467C85D1886}.Debug|Any CPU.ActiveCfg = Debug|Any CPU
		{33E7B0CD-99A7-42C9-8B73-4467C85D1886}.Debug|Any CPU.Build.0 = Debug|Any CPU
		{33E7B0CD-99A7-42C9-8B73-4467C85D1886}.Release|Any CPU.ActiveCfg = Release|Any CPU
		{33E7B0CD-99A7-42C9-8B73-4467C85D1886}.Release|Any CPU.Build.0 = Release|Any CPU
		{FFE0A276-999C-4031-8251-A926DC4F26F0}.Debug|Any CPU.ActiveCfg = Debug|Any CPU
		{FFE0A276-999C-4031-8251-A926DC4F26F0}.Debug|Any CPU.Build.0 = Debug|Any CPU
		{FFE0A276-999C-4031-8251-A926DC4F26F0}.Release|Any CPU.ActiveCfg = Release|Any CPU
		{FFE0A276-999C-4031-8251-A926DC4F26F0}.Release|Any CPU.Build.0 = Release|Any CPU
		{40FDAE01-B03A-4729-94D4-8D3EA9EBDA55}.Debug|Any CPU.ActiveCfg = Debug|Any CPU
		{40FDAE01-B03A-4729-94D4-8D3EA9EBDA55}.Debug|Any CPU.Build.0 = Debug|Any CPU
		{40FDAE01-B03A-4729-94D4-8D3EA9EBDA55}.Release|Any CPU.ActiveCfg = Release|Any CPU
		{40FDAE01-B03A-4729-94D4-8D3EA9EBDA55}.Release|Any CPU.Build.0 = Release|Any CPU
		{9D54D577-FE42-4487-A41E-25837F4515CA}.Debug|Any CPU.ActiveCfg = Debug|Any CPU
		{9D54D577-FE42-4487-A41E-25837F4515CA}.Debug|Any CPU.Build.0 = Debug|Any CPU
		{9D54D577-FE42-4487-A41E-25837F4515CA}.Release|Any CPU.ActiveCfg = Release|Any CPU
		{9D54D577-FE42-4487-A41E-25837F4515CA}.Release|Any CPU.Build.0 = Release|Any CPU
		{584A9B43-A72C-430E-B4BD-C6385521F481}.Debug|Any CPU.ActiveCfg = Debug|Any CPU
		{584A9B43-A72C-430E-B4BD-C6385521F481}.Debug|Any CPU.Build.0 = Debug|Any CPU
		{584A9B43-A72C-430E-B4BD-C6385521F481}.Release|Any CPU.ActiveCfg = Release|Any CPU
		{584A9B43-A72C-430E-B4BD-C6385521F481}.Release|Any CPU.Build.0 = Release|Any CPU
		{1DDA265D-78F9-434C-A5D5-D6D215165B5A}.Debug|Any CPU.ActiveCfg = Debug|Any CPU
		{1DDA265D-78F9-434C-A5D5-D6D215165B5A}.Debug|Any CPU.Build.0 = Debug|Any CPU
		{1DDA265D-78F9-434C-A5D5-D6D215165B5A}.Release|Any CPU.ActiveCfg = Release|Any CPU
		{1DDA265D-78F9-434C-A5D5-D6D215165B5A}.Release|Any CPU.Build.0 = Release|Any CPU
		{168565D6-B869-4BE8-A8CA-8E13C76EB067}.Debug|Any CPU.ActiveCfg = Debug|Any CPU
		{168565D6-B869-4BE8-A8CA-8E13C76EB067}.Debug|Any CPU.Build.0 = Debug|Any CPU
		{168565D6-B869-4BE8-A8CA-8E13C76EB067}.Release|Any CPU.ActiveCfg = Release|Any CPU
		{168565D6-B869-4BE8-A8CA-8E13C76EB067}.Release|Any CPU.Build.0 = Release|Any CPU
		{3DFEA1C5-B7A1-4511-962C-FA76E2B6C72A}.Debug|Any CPU.ActiveCfg = Debug|Any CPU
		{3DFEA1C5-B7A1-4511-962C-FA76E2B6C72A}.Debug|Any CPU.Build.0 = Debug|Any CPU
		{3DFEA1C5-B7A1-4511-962C-FA76E2B6C72A}.Release|Any CPU.ActiveCfg = Release|Any CPU
		{3DFEA1C5-B7A1-4511-962C-FA76E2B6C72A}.Release|Any CPU.Build.0 = Release|Any CPU
		{FA939C88-8D84-4866-B5C5-CD190316148B}.Debug|Any CPU.ActiveCfg = Debug|Any CPU
		{FA939C88-8D84-4866-B5C5-CD190316148B}.Debug|Any CPU.Build.0 = Debug|Any CPU
		{FA939C88-8D84-4866-B5C5-CD190316148B}.Release|Any CPU.ActiveCfg = Release|Any CPU
		{FA939C88-8D84-4866-B5C5-CD190316148B}.Release|Any CPU.Build.0 = Release|Any CPU
		{EF75FC2B-855C-485B-B014-2572B8D3E70C}.Debug|Any CPU.ActiveCfg = Debug|Any CPU
		{EF75FC2B-855C-485B-B014-2572B8D3E70C}.Debug|Any CPU.Build.0 = Debug|Any CPU
		{EF75FC2B-855C-485B-B014-2572B8D3E70C}.Release|Any CPU.ActiveCfg = Release|Any CPU
		{EF75FC2B-855C-485B-B014-2572B8D3E70C}.Release|Any CPU.Build.0 = Release|Any CPU
		{4648663E-F1EC-4108-A602-D2536366418D}.Debug|Any CPU.ActiveCfg = Debug|Any CPU
		{4648663E-F1EC-4108-A602-D2536366418D}.Debug|Any CPU.Build.0 = Debug|Any CPU
		{4648663E-F1EC-4108-A602-D2536366418D}.Release|Any CPU.ActiveCfg = Release|Any CPU
		{4648663E-F1EC-4108-A602-D2536366418D}.Release|Any CPU.Build.0 = Release|Any CPU
		{C134B050-30E4-45D8-82BE-5A37DCC243BC}.Debug|Any CPU.ActiveCfg = Debug|Any CPU
		{C134B050-30E4-45D8-82BE-5A37DCC243BC}.Debug|Any CPU.Build.0 = Debug|Any CPU
		{C134B050-30E4-45D8-82BE-5A37DCC243BC}.Release|Any CPU.ActiveCfg = Release|Any CPU
		{C134B050-30E4-45D8-82BE-5A37DCC243BC}.Release|Any CPU.Build.0 = Release|Any CPU
		{360F632D-636D-46B1-92FB-779DA865F356}.Debug|Any CPU.ActiveCfg = Debug|Any CPU
		{360F632D-636D-46B1-92FB-779DA865F356}.Debug|Any CPU.Build.0 = Debug|Any CPU
		{360F632D-636D-46B1-92FB-779DA865F356}.Release|Any CPU.ActiveCfg = Release|Any CPU
		{360F632D-636D-46B1-92FB-779DA865F356}.Release|Any CPU.Build.0 = Release|Any CPU
		{7759ACBF-0CB0-4264-BCFE-734A43C8CE84}.Debug|Any CPU.ActiveCfg = Debug|Any CPU
		{7759ACBF-0CB0-4264-BCFE-734A43C8CE84}.Debug|Any CPU.Build.0 = Debug|Any CPU
		{7759ACBF-0CB0-4264-BCFE-734A43C8CE84}.Release|Any CPU.ActiveCfg = Release|Any CPU
		{7759ACBF-0CB0-4264-BCFE-734A43C8CE84}.Release|Any CPU.Build.0 = Release|Any CPU
		{EA65F494-820B-42F3-9750-A5B491F9DB85}.Debug|Any CPU.ActiveCfg = Debug|Any CPU
		{EA65F494-820B-42F3-9750-A5B491F9DB85}.Debug|Any CPU.Build.0 = Debug|Any CPU
		{EA65F494-820B-42F3-9750-A5B491F9DB85}.Release|Any CPU.ActiveCfg = Release|Any CPU
		{EA65F494-820B-42F3-9750-A5B491F9DB85}.Release|Any CPU.Build.0 = Release|Any CPU
		{C1F6E7FC-6873-4D37-80DB-1071B56A3354}.Debug|Any CPU.ActiveCfg = Debug|Any CPU
		{C1F6E7FC-6873-4D37-80DB-1071B56A3354}.Debug|Any CPU.Build.0 = Debug|Any CPU
		{C1F6E7FC-6873-4D37-80DB-1071B56A3354}.Release|Any CPU.ActiveCfg = Release|Any CPU
		{C1F6E7FC-6873-4D37-80DB-1071B56A3354}.Release|Any CPU.Build.0 = Release|Any CPU
		{CECE287A-3A03-49B1-8FB3-8C44B30273C7}.Debug|Any CPU.ActiveCfg = Debug|Any CPU
		{CECE287A-3A03-49B1-8FB3-8C44B30273C7}.Debug|Any CPU.Build.0 = Debug|Any CPU
		{CECE287A-3A03-49B1-8FB3-8C44B30273C7}.Release|Any CPU.ActiveCfg = Release|Any CPU
		{CECE287A-3A03-49B1-8FB3-8C44B30273C7}.Release|Any CPU.Build.0 = Release|Any CPU
		{40DC1F42-A99F-4F38-AADB-066D2567B2D9}.Debug|Any CPU.ActiveCfg = Debug|Any CPU
		{40DC1F42-A99F-4F38-AADB-066D2567B2D9}.Debug|Any CPU.Build.0 = Debug|Any CPU
		{40DC1F42-A99F-4F38-AADB-066D2567B2D9}.Release|Any CPU.ActiveCfg = Release|Any CPU
		{40DC1F42-A99F-4F38-AADB-066D2567B2D9}.Release|Any CPU.Build.0 = Release|Any CPU
		{856E9E0C-D4EE-4E0D-828B-3088CAC2F3BC}.Debug|Any CPU.ActiveCfg = Debug|Any CPU
		{856E9E0C-D4EE-4E0D-828B-3088CAC2F3BC}.Debug|Any CPU.Build.0 = Debug|Any CPU
		{856E9E0C-D4EE-4E0D-828B-3088CAC2F3BC}.Release|Any CPU.ActiveCfg = Release|Any CPU
		{856E9E0C-D4EE-4E0D-828B-3088CAC2F3BC}.Release|Any CPU.Build.0 = Release|Any CPU
	EndGlobalSection
	GlobalSection(SolutionProperties) = preSolution
		HideSolutionNode = FALSE
	EndGlobalSection
	GlobalSection(NestedProjects) = preSolution
		{32ABFF31-3C20-44F3-B300-397008217D41} = {E14A8FB2-DB0C-40D4-8CCE-C56573B7BA28}
		{9BCCE6A1-0429-4CBB-BC43-5BF0D0A139E1} = {E14A8FB2-DB0C-40D4-8CCE-C56573B7BA28}
		{E5637B00-9DD4-4CC0-9F62-29998B521C02} = {E14A8FB2-DB0C-40D4-8CCE-C56573B7BA28}
		{AF03A842-78D1-4A74-A8A3-325C35459A7F} = {F8395D83-6D4B-4E1E-B54C-EB2322E19C38}
		{2BF2CBE3-4587-4683-B677-04A17B852A3A} = {F8395D83-6D4B-4E1E-B54C-EB2322E19C38}
		{33E7B0CD-99A7-42C9-8B73-4467C85D1886} = {F8395D83-6D4B-4E1E-B54C-EB2322E19C38}
		{FFE0A276-999C-4031-8251-A926DC4F26F0} = {10AEC63D-518D-4716-8BF1-ABD9C36D264A}
		{40FDAE01-B03A-4729-94D4-8D3EA9EBDA55} = {10AEC63D-518D-4716-8BF1-ABD9C36D264A}
		{9D54D577-FE42-4487-A41E-25837F4515CA} = {8949E78C-2ECF-4A9F-98CC-8B081B65D1A3}
		{584A9B43-A72C-430E-B4BD-C6385521F481} = {8949E78C-2ECF-4A9F-98CC-8B081B65D1A3}
		{1DDA265D-78F9-434C-A5D5-D6D215165B5A} = {8949E78C-2ECF-4A9F-98CC-8B081B65D1A3}
		{168565D6-B869-4BE8-A8CA-8E13C76EB067} = {77A340D2-D4B7-4608-97AE-C3C013ECA3B8}
		{3DFEA1C5-B7A1-4511-962C-FA76E2B6C72A} = {77A340D2-D4B7-4608-97AE-C3C013ECA3B8}
		{FA939C88-8D84-4866-B5C5-CD190316148B} = {77A340D2-D4B7-4608-97AE-C3C013ECA3B8}
		{EF75FC2B-855C-485B-B014-2572B8D3E70C} = {E243AF82-3390-4EF8-9A03-A88DE58FE8B9}
		{4648663E-F1EC-4108-A602-D2536366418D} = {E243AF82-3390-4EF8-9A03-A88DE58FE8B9}
		{C134B050-30E4-45D8-82BE-5A37DCC243BC} = {E243AF82-3390-4EF8-9A03-A88DE58FE8B9}
		{360F632D-636D-46B1-92FB-779DA865F356} = {F87B32CC-110B-4B76-A4D1-A484874F872A}
		{7759ACBF-0CB0-4264-BCFE-734A43C8CE84} = {F87B32CC-110B-4B76-A4D1-A484874F872A}
		{EA65F494-820B-42F3-9750-A5B491F9DB85} = {F87B32CC-110B-4B76-A4D1-A484874F872A}
		{C1F6E7FC-6873-4D37-80DB-1071B56A3354} = {954285E9-0E24-481F-AE96-80EE25A355C0}
		{CECE287A-3A03-49B1-8FB3-8C44B30273C7} = {954285E9-0E24-481F-AE96-80EE25A355C0}
		{40DC1F42-A99F-4F38-AADB-066D2567B2D9} = {954285E9-0E24-481F-AE96-80EE25A355C0}
		{856E9E0C-D4EE-4E0D-828B-3088CAC2F3BC} = {10AEC63D-518D-4716-8BF1-ABD9C36D264A}
	EndGlobalSection
	GlobalSection(ExtensibilityGlobals) = postSolution
		SolutionGuid = {551BBF67-83E4-47D8-9322-8724C017B808}
	EndGlobalSection
EndGlobal
